
Microsoft Visual Studio Solution File, Format Version 12.00
# Visual Studio Version 17
VisualStudioVersion = 17.0.31903.59
MinimumVisualStudioVersion = 10.0.40219.1
Project("{FAE04EC0-301F-11D3-BF4B-00C04F79EFBC}") = "FunctionalProgramming", "FunctionalProgramming\FunctionalProgramming.csproj", "{BF8BAC65-8B7C-4530-9F97-1815EDF72C85}"
EndProject
Project("{FAE04EC0-301F-11D3-BF4B-00C04F79EFBC}") = "LINQCore", "LINQCore\LINQCore.csproj", "{AFCA2F66-5C00-4959-9757-E475514A27CC}"
EndProject
Project("{FAE04EC0-301F-11D3-BF4B-00C04F79EFBC}") = "ProjectionOperation", "ProjectionOperation\ProjectionOperation.csproj", "{B1886BA5-7E8F-4895-94E3-C4F662C55874}"
EndProject
Project("{FAE04EC0-301F-11D3-BF4B-00C04F79EFBC}") = "SortingData", "SortingData\SortingData.csproj", "{F8A6CD44-1573-4F36-9341-04FF8B712723}"
EndProject
Project("{FAE04EC0-301F-11D3-BF4B-00C04F79EFBC}") = "DataPartationing", "DataPartationing\DataPartationing.csproj", "{4FFFDC42-338B-4887-9E0F-63BE2A81A945}"
EndProject
Project("{FAE04EC0-301F-11D3-BF4B-00C04F79EFBC}") = "Quantifiers", "Quantifiers\Quantifiers.csproj", "{7186D34D-41D5-4112-8233-7303B6185126}"
EndProject
Project("{FAE04EC0-301F-11D3-BF4B-00C04F79EFBC}") = "GroupingData", "GroupingData\GroupingData.csproj", "{43D53BE4-D8D4-4A82-B75C-1999A23F7193}"
EndProject
Project("{FAE04EC0-301F-11D3-BF4B-00C04F79EFBC}") = "JoinOperations", "JoinOperations\JoinOperations.csproj", "{D37CE365-938B-4194-BE37-F38600E77210}"
EndProject
Project("{FAE04EC0-301F-11D3-BF4B-00C04F79EFBC}") = "GenerationOperations", "GenerationOperations\GenerationOperations.csproj", "{3A7C5B25-D9CE-424E-9B41-59F86A32B1DB}"
EndProject
Project("{FAE04EC0-301F-11D3-BF4B-00C04F79EFBC}") = "ElementOperations", "ElementOperations\ElementOperations.csproj", "{3EE1FE68-8B8F-468B-A0E5-A54B51DEF64A}"
EndProject
Project("{FAE04EC0-301F-11D3-BF4B-00C04F79EFBC}") = "EqualityOperationss", "EqualityOperationss\EqualityOperationss.csproj", "{42EEFF6C-5B97-4C65-9F97-6987220E302C}"
EndProject
Project("{FAE04EC0-301F-11D3-BF4B-00C04F79EFBC}") = "Concatenation", "Concatenation\Concatenation.csproj", "{87BE8880-AC74-42BB-B866-56DACB0E0B75}"
EndProject
Project("{FAE04EC0-301F-11D3-BF4B-00C04F79EFBC}") = "Aggregate", "Aggregate\Aggregate.csproj", "{AA8EC615-3C1E-4820-B485-2CFF09ABF2D1}"
EndProject
Project("{FAE04EC0-301F-11D3-BF4B-00C04F79EFBC}") = "Sets", "Sets\Sets.csproj", "{83818ED2-0F19-4944-A63D-54F9CA467F52}"
EndProject
Project("{FAE04EC0-301F-11D3-BF4B-00C04F79EFBC}") = "ExpressionTree", "ExpressionTree\ExpressionTree.csproj", "{53988F3B-D484-4314-902D-884C333AB226}"
EndProject
Global
	GlobalSection(SolutionConfigurationPlatforms) = preSolution
		Debug|Any CPU = Debug|Any CPU
		Release|Any CPU = Release|Any CPU
	EndGlobalSection
	GlobalSection(SolutionProperties) = preSolution
		HideSolutionNode = FALSE
	EndGlobalSection
	GlobalSection(ProjectConfigurationPlatforms) = postSolution
		{BF8BAC65-8B7C-4530-9F97-1815EDF72C85}.Debug|Any CPU.ActiveCfg = Debug|Any CPU
		{BF8BAC65-8B7C-4530-9F97-1815EDF72C85}.Debug|Any CPU.Build.0 = Debug|Any CPU
		{BF8BAC65-8B7C-4530-9F97-1815EDF72C85}.Release|Any CPU.ActiveCfg = Release|Any CPU
		{BF8BAC65-8B7C-4530-9F97-1815EDF72C85}.Release|Any CPU.Build.0 = Release|Any CPU
		{AFCA2F66-5C00-4959-9757-E475514A27CC}.Debug|Any CPU.ActiveCfg = Debug|Any CPU
		{AFCA2F66-5C00-4959-9757-E475514A27CC}.Debug|Any CPU.Build.0 = Debug|Any CPU
		{AFCA2F66-5C00-4959-9757-E475514A27CC}.Release|Any CPU.ActiveCfg = Release|Any CPU
		{AFCA2F66-5C00-4959-9757-E475514A27CC}.Release|Any CPU.Build.0 = Release|Any CPU
		{B1886BA5-7E8F-4895-94E3-C4F662C55874}.Debug|Any CPU.ActiveCfg = Debug|Any CPU
		{B1886BA5-7E8F-4895-94E3-C4F662C55874}.Debug|Any CPU.Build.0 = Debug|Any CPU
		{B1886BA5-7E8F-4895-94E3-C4F662C55874}.Release|Any CPU.ActiveCfg = Release|Any CPU
		{B1886BA5-7E8F-4895-94E3-C4F662C55874}.Release|Any CPU.Build.0 = Release|Any CPU
		{F8A6CD44-1573-4F36-9341-04FF8B712723}.Debug|Any CPU.ActiveCfg = Debug|Any CPU
		{F8A6CD44-1573-4F36-9341-04FF8B712723}.Debug|Any CPU.Build.0 = Debug|Any CPU
		{F8A6CD44-1573-4F36-9341-04FF8B712723}.Release|Any CPU.ActiveCfg = Release|Any CPU
		{F8A6CD44-1573-4F36-9341-04FF8B712723}.Release|Any CPU.Build.0 = Release|Any CPU
		{4FFFDC42-338B-4887-9E0F-63BE2A81A945}.Debug|Any CPU.ActiveCfg = Debug|Any CPU
		{4FFFDC42-338B-4887-9E0F-63BE2A81A945}.Debug|Any CPU.Build.0 = Debug|Any CPU
		{4FFFDC42-338B-4887-9E0F-63BE2A81A945}.Release|Any CPU.ActiveCfg = Release|Any CPU
		{4FFFDC42-338B-4887-9E0F-63BE2A81A945}.Release|Any CPU.Build.0 = Release|Any CPU
		{7186D34D-41D5-4112-8233-7303B6185126}.Debug|Any CPU.ActiveCfg = Debug|Any CPU
		{7186D34D-41D5-4112-8233-7303B6185126}.Debug|Any CPU.Build.0 = Debug|Any CPU
		{7186D34D-41D5-4112-8233-7303B6185126}.Release|Any CPU.ActiveCfg = Release|Any CPU
		{7186D34D-41D5-4112-8233-7303B6185126}.Release|Any CPU.Build.0 = Release|Any CPU
		{43D53BE4-D8D4-4A82-B75C-1999A23F7193}.Debug|Any CPU.ActiveCfg = Debug|Any CPU
		{43D53BE4-D8D4-4A82-B75C-1999A23F7193}.Debug|Any CPU.Build.0 = Debug|Any CPU
		{43D53BE4-D8D4-4A82-B75C-1999A23F7193}.Release|Any CPU.ActiveCfg = Release|Any CPU
		{43D53BE4-D8D4-4A82-B75C-1999A23F7193}.Release|Any CPU.Build.0 = Release|Any CPU
		{D37CE365-938B-4194-BE37-F38600E77210}.Debug|Any CPU.ActiveCfg = Debug|Any CPU
		{D37CE365-938B-4194-BE37-F38600E77210}.Debug|Any CPU.Build.0 = Debug|Any CPU
		{D37CE365-938B-4194-BE37-F38600E77210}.Release|Any CPU.ActiveCfg = Release|Any CPU
		{D37CE365-938B-4194-BE37-F38600E77210}.Release|Any CPU.Build.0 = Release|Any CPU
		{3A7C5B25-D9CE-424E-9B41-59F86A32B1DB}.Debug|Any CPU.ActiveCfg = Debug|Any CPU
		{3A7C5B25-D9CE-424E-9B41-59F86A32B1DB}.Debug|Any CPU.Build.0 = Debug|Any CPU
		{3A7C5B25-D9CE-424E-9B41-59F86A32B1DB}.Release|Any CPU.ActiveCfg = Release|Any CPU
		{3A7C5B25-D9CE-424E-9B41-59F86A32B1DB}.Release|Any CPU.Build.0 = Release|Any CPU
		{3EE1FE68-8B8F-468B-A0E5-A54B51DEF64A}.Debug|Any CPU.ActiveCfg = Debug|Any CPU
		{3EE1FE68-8B8F-468B-A0E5-A54B51DEF64A}.Debug|Any CPU.Build.0 = Debug|Any CPU
		{3EE1FE68-8B8F-468B-A0E5-A54B51DEF64A}.Release|Any CPU.ActiveCfg = Release|Any CPU
		{3EE1FE68-8B8F-468B-A0E5-A54B51DEF64A}.Release|Any CPU.Build.0 = Release|Any CPU
		{42EEFF6C-5B97-4C65-9F97-6987220E302C}.Debug|Any CPU.ActiveCfg = Debug|Any CPU
		{42EEFF6C-5B97-4C65-9F97-6987220E302C}.Debug|Any CPU.Build.0 = Debug|Any CPU
		{42EEFF6C-5B97-4C65-9F97-6987220E302C}.Release|Any CPU.ActiveCfg = Release|Any CPU
		{42EEFF6C-5B97-4C65-9F97-6987220E302C}.Release|Any CPU.Build.0 = Release|Any CPU
		{87BE8880-AC74-42BB-B866-56DACB0E0B75}.Debug|Any CPU.ActiveCfg = Debug|Any CPU
		{87BE8880-AC74-42BB-B866-56DACB0E0B75}.Debug|Any CPU.Build.0 = Debug|Any CPU
		{87BE8880-AC74-42BB-B866-56DACB0E0B75}.Release|Any CPU.ActiveCfg = Release|Any CPU
		{87BE8880-AC74-42BB-B866-56DACB0E0B75}.Release|Any CPU.Build.0 = Release|Any CPU
		{80A1B14D-779B-429A-A646-CAFF730A1388}.Debug|Any CPU.ActiveCfg = Debug|Any CPU
		{80A1B14D-779B-429A-A646-CAFF730A1388}.Debug|Any CPU.Build.0 = Debug|Any CPU
		{80A1B14D-779B-429A-A646-CAFF730A1388}.Release|Any CPU.ActiveCfg = Release|Any CPU
		{80A1B14D-779B-429A-A646-CAFF730A1388}.Release|Any CPU.Build.0 = Release|Any CPU
		{AA8EC615-3C1E-4820-B485-2CFF09ABF2D1}.Debug|Any CPU.ActiveCfg = Debug|Any CPU
		{AA8EC615-3C1E-4820-B485-2CFF09ABF2D1}.Debug|Any CPU.Build.0 = Debug|Any CPU
		{AA8EC615-3C1E-4820-B485-2CFF09ABF2D1}.Release|Any CPU.ActiveCfg = Release|Any CPU
		{AA8EC615-3C1E-4820-B485-2CFF09ABF2D1}.Release|Any CPU.Build.0 = Release|Any CPU
		{83818ED2-0F19-4944-A63D-54F9CA467F52}.Debug|Any CPU.ActiveCfg = Debug|Any CPU
		{83818ED2-0F19-4944-A63D-54F9CA467F52}.Debug|Any CPU.Build.0 = Debug|Any CPU
		{83818ED2-0F19-4944-A63D-54F9CA467F52}.Release|Any CPU.ActiveCfg = Release|Any CPU
		{83818ED2-0F19-4944-A63D-54F9CA467F52}.Release|Any CPU.Build.0 = Release|Any CPU
		{53988F3B-D484-4314-902D-884C333AB226}.Debug|Any CPU.ActiveCfg = Debug|Any CPU
		{53988F3B-D484-4314-902D-884C333AB226}.Debug|Any CPU.Build.0 = Debug|Any CPU
		{53988F3B-D484-4314-902D-884C333AB226}.Release|Any CPU.ActiveCfg = Release|Any CPU
		{53988F3B-D484-4314-902D-884C333AB226}.Release|Any CPU.Build.0 = Release|Any CPU
		{DBD6422C-E945-4B54-953E-035E0D182985}.Debug|Any CPU.ActiveCfg = Debug|Any CPU
		{DBD6422C-E945-4B54-953E-035E0D182985}.Debug|Any CPU.Build.0 = Debug|Any CPU
		{DBD6422C-E945-4B54-953E-035E0D182985}.Release|Any CPU.ActiveCfg = Release|Any CPU
		{DBD6422C-E945-4B54-953E-035E0D182985}.Release|Any CPU.Build.0 = Release|Any CPU
	EndGlobalSection
EndGlobal
