
Microsoft Visual Studio Solution File, Format Version 12.00
# Visual Studio Version 17
VisualStudioVersion = 17.0.31903.59
MinimumVisualStudioVersion = 10.0.40219.1
Project("{FAE04EC0-301F-11D3-BF4B-00C04F79EFBC}") = "StatementAndExpresion", "StatementAndExpresion\StatementAndExpresion.csproj", "{D5A5BB62-E066-471C-8C78-FAF85C0CCE92}"
EndProject
Project("{FAE04EC0-301F-11D3-BF4B-00C04F79EFBC}") = "PureAndImpureFunction", "PureAndImpureFunction\PureAndImpureFunction.csproj", "{EDDFF94A-128F-4549-9E85-BC870D813242}"
EndProject
Global
	GlobalSection(SolutionConfigurationPlatforms) = preSolution
		Debug|Any CPU = Debug|Any CPU
		Release|Any CPU = Release|Any CPU
	EndGlobalSection
	GlobalSection(SolutionProperties) = preSolution
		HideSolutionNode = FALSE
	EndGlobalSection
	GlobalSection(ProjectConfigurationPlatforms) = postSolution
		{A1B8969F-C080-41BA-AC38-EB7A36C702CF}.Debug|Any CPU.ActiveCfg = Debug|Any CPU
		{A1B8969F-C080-41BA-AC38-EB7A36C702CF}.Debug|Any CPU.Build.0 = Debug|Any CPU
		{A1B8969F-C080-41BA-AC38-EB7A36C702CF}.Release|Any CPU.ActiveCfg = Release|Any CPU
		{A1B8969F-C080-41BA-AC38-EB7A36C702CF}.Release|Any CPU.Build.0 = Release|Any CPU
		{D5A5BB62-E066-471C-8C78-FAF85C0CCE92}.Debug|Any CPU.ActiveCfg = Debug|Any CPU
		{D5A5BB62-E066-471C-8C78-FAF85C0CCE92}.Debug|Any CPU.Build.0 = Debug|Any CPU
		{D5A5BB62-E066-471C-8C78-FAF85C0CCE92}.Release|Any CPU.ActiveCfg = Release|Any CPU
		{D5A5BB62-E066-471C-8C78-FAF85C0CCE92}.Release|Any CPU.Build.0 = Release|Any CPU
		{EDDFF94A-128F-4549-9E85-BC870D813242}.Debug|Any CPU.ActiveCfg = Debug|Any CPU
		{EDDFF94A-128F-4549-9E85-BC870D813242}.Debug|Any CPU.Build.0 = Debug|Any CPU
		{EDDFF94A-128F-4549-9E85-BC870D813242}.Release|Any CPU.ActiveCfg = Release|Any CPU
		{EDDFF94A-128F-4549-9E85-BC870D813242}.Release|Any CPU.Build.0 = Release|Any CPU
	EndGlobalSection
EndGlobal
