
Microsoft Visual Studio Solution File, Format Version 12.00
# Visual Studio Version 17
VisualStudioVersion = 17.0.31903.59
MinimumVisualStudioVersion = 10.0.40219.1
Project("{FAE04EC0-301F-11D3-BF4B-00C04F79EFBC}") = "PajinationSystem", "PajinationSystem\PajinationSystem.csproj", "{73D948AF-5AB3-4359-A504-4574C9E142F4}"
EndProject
Global
	GlobalSection(SolutionConfigurationPlatforms) = preSolution
		Debug|Any CPU = Debug|Any CPU
		Release|Any CPU = Release|Any CPU
	EndGlobalSection
	GlobalSection(SolutionProperties) = preSolution
		HideSolutionNode = FALSE
	EndGlobalSection
	GlobalSection(ProjectConfigurationPlatforms) = postSolution
		{73D948AF-5AB3-4359-A504-4574C9E142F4}.Debug|Any CPU.ActiveCfg = Debug|Any CPU
		{73D948AF-5AB3-4359-A504-4574C9E142F4}.Debug|Any CPU.Build.0 = Debug|Any CPU
		{73D948AF-5AB3-4359-A504-4574C9E142F4}.Release|Any CPU.ActiveCfg = Release|Any CPU
		{73D948AF-5AB3-4359-A504-4574C9E142F4}.Release|Any CPU.Build.0 = Release|Any CPU
	EndGlobalSection
EndGlobal
